
Microsoft Visual Studio Solution File, Format Version 12.00
# Visual Studio Version 16
VisualStudioVersion = 16.0.32002.261
MinimumVisualStudioVersion = 10.0.40219.1
Project("{FAE04EC0-301F-11D3-BF4B-00C04F79EFBC}") = "SplitFile", "SplitFile\SplitFile.csproj", "{0B3EC3A9-26C7-4AE0-B55F-3A6FC2CEDCCD}"
EndProject
Project("{FAE04EC0-301F-11D3-BF4B-00C04F79EFBC}") = "SplitFileUnitTest", "SplitFileUnitTest\SplitFileUnitTest.csproj", "{180FE9B1-42B7-4B20-AED0-E5FA260DEBA0}"
	ProjectSection(ProjectDependencies) = postProject
		{0B3EC3A9-26C7-4AE0-B55F-3A6FC2CEDCCD} = {0B3EC3A9-26C7-4AE0-B55F-3A6FC2CEDCCD}
	EndProjectSection
EndProject
Global
	GlobalSection(SolutionConfigurationPlatforms) = preSolution
		Debug|Any CPU = Debug|Any CPU
		Release|Any CPU = Release|Any CPU
	EndGlobalSection
	GlobalSection(ProjectConfigurationPlatforms) = postSolution
		{0B3EC3A9-26C7-4AE0-B55F-3A6FC2CEDCCD}.Debug|Any CPU.ActiveCfg = Debug|Any CPU
		{0B3EC3A9-26C7-4AE0-B55F-3A6FC2CEDCCD}.Debug|Any CPU.Build.0 = Debug|Any CPU
		{0B3EC3A9-26C7-4AE0-B55F-3A6FC2CEDCCD}.Release|Any CPU.ActiveCfg = Release|Any CPU
		{0B3EC3A9-26C7-4AE0-B55F-3A6FC2CEDCCD}.Release|Any CPU.Build.0 = Release|Any CPU
		{180FE9B1-42B7-4B20-AED0-E5FA260DEBA0}.Debug|Any CPU.ActiveCfg = Debug|Any CPU
		{180FE9B1-42B7-4B20-AED0-E5FA260DEBA0}.Debug|Any CPU.Build.0 = Debug|Any CPU
		{180FE9B1-42B7-4B20-AED0-E5FA260DEBA0}.Release|Any CPU.ActiveCfg = Release|Any CPU
		{180FE9B1-42B7-4B20-AED0-E5FA260DEBA0}.Release|Any CPU.Build.0 = Release|Any CPU
	EndGlobalSection
	GlobalSection(SolutionProperties) = preSolution
		HideSolutionNode = FALSE
	EndGlobalSection
	GlobalSection(ExtensibilityGlobals) = postSolution
		SolutionGuid = {0E66EDEC-5D96-4360-B3C9-0B31B0B7EBA7}
	EndGlobalSection
EndGlobal
